
Microsoft Visual Studio Solution File, Format Version 12.00
# Visual Studio Version 17
VisualStudioVersion = 17.3.32811.315
MinimumVisualStudioVersion = 10.0.40219.1
Project("{FAE04EC0-301F-11D3-BF4B-00C04F79EFBC}") = "pjEstructuraRepeticion", "pjEstructuraRepeticion\pjEstructuraRepeticion.csproj", "{D704FBDA-6B0B-46DE-8F3C-39DA7FACD01A}"
EndProject
Project("{FAE04EC0-301F-11D3-BF4B-00C04F79EFBC}") = "pjExcepciones", "pjExcepciones\pjExcepciones.csproj", "{7D488D95-F94E-4863-9610-29AE752976BE}"
EndProject
Project("{FAE04EC0-301F-11D3-BF4B-00C04F79EFBC}") = "pjEjercicioPruebaN", "pjEjercicioPruebaN\pjEjercicioPruebaN.csproj", "{CC75E5A3-56BA-4B9B-8082-23A81E35E237}"
EndProject
Global
	GlobalSection(SolutionConfigurationPlatforms) = preSolution
		Debug|Any CPU = Debug|Any CPU
		Release|Any CPU = Release|Any CPU
	EndGlobalSection
	GlobalSection(ProjectConfigurationPlatforms) = postSolution
		{D704FBDA-6B0B-46DE-8F3C-39DA7FACD01A}.Debug|Any CPU.ActiveCfg = Debug|Any CPU
		{D704FBDA-6B0B-46DE-8F3C-39DA7FACD01A}.Debug|Any CPU.Build.0 = Debug|Any CPU
		{D704FBDA-6B0B-46DE-8F3C-39DA7FACD01A}.Release|Any CPU.ActiveCfg = Release|Any CPU
		{D704FBDA-6B0B-46DE-8F3C-39DA7FACD01A}.Release|Any CPU.Build.0 = Release|Any CPU
		{7D488D95-F94E-4863-9610-29AE752976BE}.Debug|Any CPU.ActiveCfg = Debug|Any CPU
		{7D488D95-F94E-4863-9610-29AE752976BE}.Debug|Any CPU.Build.0 = Debug|Any CPU
		{7D488D95-F94E-4863-9610-29AE752976BE}.Release|Any CPU.ActiveCfg = Release|Any CPU
		{7D488D95-F94E-4863-9610-29AE752976BE}.Release|Any CPU.Build.0 = Release|Any CPU
		{CC75E5A3-56BA-4B9B-8082-23A81E35E237}.Debug|Any CPU.ActiveCfg = Debug|Any CPU
		{CC75E5A3-56BA-4B9B-8082-23A81E35E237}.Debug|Any CPU.Build.0 = Debug|Any CPU
		{CC75E5A3-56BA-4B9B-8082-23A81E35E237}.Release|Any CPU.ActiveCfg = Release|Any CPU
		{CC75E5A3-56BA-4B9B-8082-23A81E35E237}.Release|Any CPU.Build.0 = Release|Any CPU
	EndGlobalSection
	GlobalSection(SolutionProperties) = preSolution
		HideSolutionNode = FALSE
	EndGlobalSection
	GlobalSection(ExtensibilityGlobals) = postSolution
		SolutionGuid = {284013DF-5D50-4E0F-BBF8-8D77CF230695}
	EndGlobalSection
EndGlobal
